
Microsoft Visual Studio Solution File, Format Version 12.00
# Visual Studio 2013
VisualStudioVersion = 12.0.30501.0
MinimumVisualStudioVersion = 10.0.40219.1
Project("{FAE04EC0-301F-11D3-BF4B-00C04F79EFBC}") = "ImageRead", "ImageRead\ImageRead.csproj", "{D8EEAB53-92F2-4EFB-8F2E-C201EB9C3E97}"
EndProject
Project("{FAE04EC0-301F-11D3-BF4B-00C04F79EFBC}") = "ImageDisplay", "ImageDisplay\ImageDisplay.csproj", "{5C637529-61C9-4116-86CF-8FF37C2DC395}"
EndProject
Global
	GlobalSection(TeamFoundationVersionControl) = preSolution
		SccNumberOfProjects = 3
		SccEnterpriseProvider = {4CA58AB2-18FA-4F8D-95D4-32DDF27D184C}
		SccTeamFoundationServer = https://junzhez.visualstudio.com/defaultcollection
		SccLocalPath0 = .
		SccProjectUniqueName1 = ImageRead\\ImageRead.csproj
		SccProjectName1 = ImageRead
		SccLocalPath1 = ImageRead
		SccProjectUniqueName2 = ImageDisplay\\ImageDisplay.csproj
		SccProjectName2 = ImageDisplay
		SccLocalPath2 = ImageDisplay
	EndGlobalSection
	GlobalSection(SolutionConfigurationPlatforms) = preSolution
		Debug|Any CPU = Debug|Any CPU
		Release|Any CPU = Release|Any CPU
	EndGlobalSection
	GlobalSection(ProjectConfigurationPlatforms) = postSolution
		{D8EEAB53-92F2-4EFB-8F2E-C201EB9C3E97}.Debug|Any CPU.ActiveCfg = Debug|Any CPU
		{D8EEAB53-92F2-4EFB-8F2E-C201EB9C3E97}.Debug|Any CPU.Build.0 = Debug|Any CPU
		{D8EEAB53-92F2-4EFB-8F2E-C201EB9C3E97}.Release|Any CPU.ActiveCfg = Release|Any CPU
		{D8EEAB53-92F2-4EFB-8F2E-C201EB9C3E97}.Release|Any CPU.Build.0 = Release|Any CPU
		{5C637529-61C9-4116-86CF-8FF37C2DC395}.Debug|Any CPU.ActiveCfg = Debug|Any CPU
		{5C637529-61C9-4116-86CF-8FF37C2DC395}.Debug|Any CPU.Build.0 = Debug|Any CPU
		{5C637529-61C9-4116-86CF-8FF37C2DC395}.Release|Any CPU.ActiveCfg = Release|Any CPU
		{5C637529-61C9-4116-86CF-8FF37C2DC395}.Release|Any CPU.Build.0 = Release|Any CPU
	EndGlobalSection
	GlobalSection(SolutionProperties) = preSolution
		HideSolutionNode = FALSE
	EndGlobalSection
EndGlobal
